github.com/ebriand/conf-cilium v0.0.0-20190403190909-c937c975987f h1:/T+L/Md+GMw/voEvn7vTicN5vzdz5vNhHGIH8ASKHoI=
github.com/ebriand/conf-cilium/api v0.0.0-20190403190909-c937c975987f h1:T6xNelG2D82UN2uaTI99kOtnXZjahrLH/FDjTJotX2M=
github.com/ebriand/conf-cilium/types v0.0.0-20190405093714-a3ef6b74d45f h1:2aD+58CS6KlK791/Abc0izOXJRnUtPSxyiILjOyvPN4=
github.com/ebriand/conf-cilium/types v0.0.0-20190405093714-a3ef6b74d45f/go.mod h1:bhw7kDwQsnGG+EDwcigYwymoyv2iMSnchV0so2y8sjE=
github.com/gorilla/mux v1.7.0 h1:tOSd0UKHQd6urX6ApfOn4XdBMY6Sh1MfxV3kmaazO+U=
github.com/gorilla/mux v1.7.0/go.mod h1:1lud6UwP+6orDFRuTfBEV8e9/aOM/c4fVVCaMa2zaAs=
